
Microsoft Visual Studio Solution File, Format Version 12.00
# Visual Studio Version 17
VisualStudioVersion = 17.9.34714.143
MinimumVisualStudioVersion = 10.0.40219.1
Project("{9A19103F-16F7-4668-BE54-9A1E7A4F7556}") = "Maximum Nesting Depth of the Parentheses", "Maximum Nesting Depth of the Parentheses\Maximum Nesting Depth of the Parentheses.csproj", "{52E5EBAF-09B5-4FEB-898A-70E1889D9748}"
EndProject
Project("{FAE04EC0-301F-11D3-BF4B-00C04F79EFBC}") = "Classlib", "Classlib\Classlib.csproj", "{71584DBD-E554-4AE1-B2A0-0ECCFE3C33BD}"
EndProject
Global
	GlobalSection(SolutionConfigurationPlatforms) = preSolution
		Debug|Any CPU = Debug|Any CPU
		Release|Any CPU = Release|Any CPU
	EndGlobalSection
	GlobalSection(ProjectConfigurationPlatforms) = postSolution
		{52E5EBAF-09B5-4FEB-898A-70E1889D9748}.Debug|Any CPU.ActiveCfg = Debug|Any CPU
		{52E5EBAF-09B5-4FEB-898A-70E1889D9748}.Debug|Any CPU.Build.0 = Debug|Any CPU
		{52E5EBAF-09B5-4FEB-898A-70E1889D9748}.Release|Any CPU.ActiveCfg = Release|Any CPU
		{52E5EBAF-09B5-4FEB-898A-70E1889D9748}.Release|Any CPU.Build.0 = Release|Any CPU
		{71584DBD-E554-4AE1-B2A0-0ECCFE3C33BD}.Debug|Any CPU.ActiveCfg = Debug|Any CPU
		{71584DBD-E554-4AE1-B2A0-0ECCFE3C33BD}.Debug|Any CPU.Build.0 = Debug|Any CPU
		{71584DBD-E554-4AE1-B2A0-0ECCFE3C33BD}.Release|Any CPU.ActiveCfg = Release|Any CPU
		{71584DBD-E554-4AE1-B2A0-0ECCFE3C33BD}.Release|Any CPU.Build.0 = Release|Any CPU
	EndGlobalSection
	GlobalSection(SolutionProperties) = preSolution
		HideSolutionNode = FALSE
	EndGlobalSection
	GlobalSection(ExtensibilityGlobals) = postSolution
		SolutionGuid = {B9E95798-18D9-4A17-A246-4D9CB06722C8}
	EndGlobalSection
EndGlobal
